
Microsoft Visual Studio Solution File, Format Version 12.00
# Visual Studio Version 16
VisualStudioVersion = 16.0.30320.27
MinimumVisualStudioVersion = 10.0.40219.1
Project("{FAE04EC0-301F-11D3-BF4B-00C04F79EFBC}") = "WebApplication_Kaido09", "WebApplication_Kaido09\WebApplication_Kaido09.csproj", "{530A3190-2828-41B3-9C2A-3F592314AC7E}"
EndProject
Global
	GlobalSection(SolutionConfigurationPlatforms) = preSolution
		Debug|Any CPU = Debug|Any CPU
		Release|Any CPU = Release|Any CPU
	EndGlobalSection
	GlobalSection(ProjectConfigurationPlatforms) = postSolution
		{530A3190-2828-41B3-9C2A-3F592314AC7E}.Debug|Any CPU.ActiveCfg = Debug|Any CPU
		{530A3190-2828-41B3-9C2A-3F592314AC7E}.Debug|Any CPU.Build.0 = Debug|Any CPU
		{530A3190-2828-41B3-9C2A-3F592314AC7E}.Release|Any CPU.ActiveCfg = Release|Any CPU
		{530A3190-2828-41B3-9C2A-3F592314AC7E}.Release|Any CPU.Build.0 = Release|Any CPU
	EndGlobalSection
	GlobalSection(SolutionProperties) = preSolution
		HideSolutionNode = FALSE
	EndGlobalSection
	GlobalSection(ExtensibilityGlobals) = postSolution
		SolutionGuid = {14605CB8-C269-4904-B17D-0BEB05E9B669}
	EndGlobalSection
EndGlobal
